// !$*UTF8*$!
{
	archiveVersion = 1;
	classes = {
	};
	objectVersion = 46;
	objects = {

/* Begin PBXBuildFile section */
		AF81F4761931339B00F4090E /* Foundation.framework in Frameworks */ = {isa = PBXBuildFile; fileRef = AF81F4751931339B00F4090E /* Foundation.framework */; };
		AF81F4791931339B00F4090E /* main.m in Sources */ = {isa = PBXBuildFile; fileRef = AF81F4781931339B00F4090E /* main.m */; };
		AF81F47D1931339B00F4090E /* VowelMovement.1 in CopyFiles */ = {isa = PBXBuildFile; fileRef = AF81F47C1931339B00F4090E /* VowelMovement.1 */; };
/* End PBXBuildFile section */

/* Begin PBXCopyFilesBuildPhase section */
		AF81F4701931339B00F4090E /* CopyFiles */ = {
			isa = PBXCopyFilesBuildPhase;
			buildActionMask = 2147483647;
			dstPath = /usr/share/man/man1/;
			dstSubfolderSpec = 0;
			files = (
				AF81F47D1931339B00F4090E /* VowelMovement.1 in CopyFiles */,
			);
			runOnlyForDeploymentPostprocessing = 1;
		};
/* End PBXCopyFilesBuildPhase section */

/* Begin PBXFileReference section */
		AF81F4721931339B00F4090E /* VowelMovement */ = {isa = PBXFileReference; explicitFileType = "compiled.mach-o.executable"; includeInIndex = 0; path = VowelMovement; sourceTree = BUILT_PRODUCTS_DIR; };
		AF81F4751931339B00F4090E /* Foundation.framework */ = {isa = PBXFileReference; lastKnownFileType = wrapper.framework; name = Foundation.framework; path = System/Library/Frameworks/Foundation.framework; sourceTree = SDKROOT; };
		AF81F4781931339B00F4090E /* main.m */ = {isa = PBXFileReference; lastKnownFileType = sourcecode.c.objc; path = main.m; sourceTree = "<group>"; };
		AF81F47B1931339B00F4090E /* VowelMovement-Prefix.pch */ = {isa = PBXFileReference; lastKnownFileType = sourcecode.c.h; path = "VowelMovement-Prefix.pch"; sourceTree = "<group>"; };
		AF81F47C1931339B00F4090E /* VowelMovement.1 */ = {isa = PBXFileReference; lastKnownFileType = text.man; path = VowelMovement.1; sourceTree = "<group>"; };
/* End PBXFileReference section */

/* Begin PBXFrameworksBuildPhase section */
		AF81F46F1931339B00F4090E /* Frameworks */ = {
			isa = PBXFrameworksBuildPhase;
			buildActionMask = 2147483647;
			files = (
				AF81F4761931339B00F4090E /* Foundation.framework in Frameworks */,
			);
			runOnlyForDeploymentPostprocessing = 0;
		};
/* End PBXFrameworksBuildPhase section */

/* Begin PBXGroup section */
		AF81F4691931339B00F4090E = {
			isa = PBXGroup;
			children = (
				AF81F4771931339B00F4090E /* VowelMovement */,
				AF81F4741931339B00F4090E /* Frameworks */,
				AF81F4731931339B00F4090E /* Products */,
			);
			sourceTree = "<group>";
		};
		AF81F4731931339B00F4090E /* Products */ = {
			isa = PBXGroup;
			children = (
				AF81F4721931339B00F4090E /* VowelMovement */,
			);
			name = Products;
			sourceTree = "<group>";
		};
		AF81F4741931339B00F4090E /* Frameworks */ = {
			isa = PBXGroup;
			children = (
				AF81F4751931339B00F4090E /* Foundation.framework */,
			);
			name = Frameworks;
			sourceTree = "<group>";
		};
		AF81F4771931339B00F4090E /* VowelMovement */ = {
			isa = PBXGroup;
			children = (
				AF81F4781931339B00F4090E /* main.m */,
				AF81F47C1931339B00F4090E /* VowelMovement.1 */,
				AF81F47A1931339B00F4090E /* Supporting Files */,
			);
			path = VowelMovement;
			sourceTree = "<group>";
		};
		AF81F47A1931339B00F4090E /* Supporting Files */ = {
			isa = PBXGroup;
			children = (
				AF81F47B1931339B00F4090E /* VowelMovement-Prefix.pch */,
			);
			name = "Supporting Files";
			sourceTree = "<group>";
		};
/* End PBXGroup section */

/* Begin PBXNativeTarget section */
		AF81F4711931339B00F4090E /* VowelMovement */ = {
			isa = PBXNativeTarget;
			buildConfigurationList = AF81F4801931339B00F4090E /* Build configuration list for PBXNativeTarget "VowelMovement" */;
			buildPhases = (
				AF81F46E1931339B00F4090E /* Sources */,
				AF81F46F1931339B00F4090E /* Frameworks */,
				AF81F4701931339B00F4090E /* CopyFiles */,
			);
			buildRules = (
			);
			dependencies = (
			);
			name = VowelMovement;
			productName = VowelMovement;
			productReference = AF81F4721931339B00F4090E /* VowelMovement */;
			productType = "com.apple.product-type.tool";
		};
/* End PBXNativeTarget section */

/* Begin PBXProject section */
		AF81F46A1931339B00F4090E /* Project object */ = {
			isa = PBXProject;
			attributes = {
				LastUpgradeCheck = 0510;
				ORGANIZATIONNAME = "Big Nerd Ranch";
			};
			buildConfigurationList = AF81F46D1931339B00F4090E /* Build configuration list for PBXProject "VowelMovement" */;
			compatibilityVersion = "Xcode 3.2";
			developmentRegion = English;
			hasScannedForEncodings = 0;
			knownRegions = (
				en,
			);
			mainGroup = AF81F4691931339B00F4090E;
			productRefGroup = AF81F4731931339B00F4090E /* Products */;
			projectDirPath = "";
			projectRoot = "";
			targets = (
				AF81F4711931339B00F4090E /* VowelMovement */,
			);
		};
/* End PBXProject section */

/* Begin PBXSourcesBuildPhase section */
		AF81F46E1931339B00F4090E /* Sources */ = {
			isa = PBXSourcesBuildPhase;
			buildActionMask = 2147483647;
			files = (
				AF81F4791931339B00F4090E /* main.m in Sources */,
			);
			runOnlyForDeploymentPostprocessing = 0;
		};
/* End PBXSourcesBuildPhase section */

/* Begin XCBuildConfiguration section */
		AF81F47E1931339B00F4090E /* Debug */ = {
			isa = XCBuildConfiguration;
			buildSettings = {
				ALWAYS_SEARCH_USER_PATHS = NO;
				CLANG_CXX_LANGUAGE_STANDARD = "gnu++0x";
				CLANG_CXX_LIBRARY = "libc++";
				CLANG_ENABLE_MODULES = YES;
				CLANG_ENABLE_OBJC_ARC = YES;
				CLANG_WARN_BOOL_CONVERSION = YES;
				CLANG_WARN_CONSTANT_CONVERSION = YES;
				CLANG_WARN_DIRECT_OBJC_ISA_USAGE = YES_ERROR;
				CLANG_WARN_EMPTY_BODY = YES;
				CLANG_WARN_ENUM_CONVERSION = YES;
				CLANG_WARN_INT_CONVERSION = YES;
				CLANG_WARN_OBJC_ROOT_CLASS = YES_ERROR;
				CLANG_WARN__DUPLICATE_METHOD_MATCH = YES;
				COPY_PHASE_STRIP = NO;
				GCC_C_LANGUAGE_STANDARD = gnu99;
				GCC_DYNAMIC_NO_PIC = NO;
				GCC_ENABLE_OBJC_EXCEPTIONS = YES;
				GCC_OPTIMIZATION_LEVEL = 0;
				GCC_PREPROCESSOR_DEFINITIONS = (
					"DEBUG=1",
					"$(inherited)",
				);
				GCC_SYMBOLS_PRIVATE_EXTERN = NO;
				GCC_WARN_64_TO_32_BIT_CONVERSION = YES;
				GCC_WARN_ABOUT_RETURN_TYPE = YES_ERROR;
				GCC_WARN_UNDECLARED_SELECTOR = YES;
				GCC_WARN_UNINITIALIZED_AUTOS = YES_AGGRESSIVE;
				GCC_WARN_UNUSED_FUNCTION = YES;
				GCC_WARN_UNUSED_VARIABLE = YES;
				MACOSX_DEPLOYMENT_TARGET = 10.9;
				ONLY_ACTIVE_ARCH = YES;
				SDKROOT = macosx;
			};
			name = Debug;
		};
		AF81F47F1931339B00F4090E /* Release */ = {
			isa = XCBuildConfiguration;
			buildSettings = {
				ALWAYS_SEARCH_USER_PATHS = NO;
				CLANG_CXX_LANGUAGE_STANDARD = "gnu++0x";
				CLANG_CXX_LIBRARY = "libc++";
				CLANG_ENABLE_MODULES = YES;
				CLANG_ENABLE_OBJC_ARC = YES;
				CLANG_WARN_BOOL_CONVERSION = YES;
				CLANG_WARN_CONSTANT_CONVERSION = YES;
				CLANG_WARN_DIRECT_OBJC_ISA_USAGE = YES_ERROR;
				CLANG_WARN_EMPTY_BODY = YES;
				CLANG_WARN_ENUM_CONVERSION = YES;
				CLANG_WARN_INT_CONVERSION = YES;
				CLANG_WARN_OBJC_ROOT_CLASS = YES_ERROR;
				CLANG_WARN__DUPLICATE_METHOD_MATCH = YES;
				COPY_PHASE_STRIP = YES;
				DEBUG_INFORMATION_FORMAT = "dwarf-with-dsym";
				ENABLE_NS_ASSERTIONS = NO;
				GCC_C_LANGUAGE_STANDARD = gnu99;
				GCC_ENABLE_OBJC_EXCEPTIONS = YES;
				GCC_WARN_64_TO_32_BIT_CONVERSION = YES;
				GCC_WARN_ABOUT_RETURN_TYPE = YES_ERROR;
				GCC_WARN_UNDECLARED_SELECTOR = YES;
				GCC_WARN_UNINITIALIZED_AUTOS = YES_AGGRESSIVE;
				GCC_WARN_UNUSED_FUNCTION = YES;
				GCC_WARN_UNUSED_VARIABLE = YES;
				MACOSX_DEPLOYMENT_TARGET = 10.9;
				SDKROOT = macosx;
			};
			name = Release;
		};
		AF81F4811931339B00F4090E /* Debug */ = {
			isa = XCBuildConfiguration;
			buildSettings = {
				GCC_PRECOMPILE_PREFIX_HEADER = YES;
				GCC_PREFIX_HEADER = "VowelMovement/VowelMovement-Prefix.pch";
				PRODUCT_NAME = "$(TARGET_NAME)";
			};
			name = Debug;
		};
		AF81F4821931339B00F4090E /* Release */ = {
			isa = XCBuildConfiguration;
			buildSettings = {
				GCC_PRECOMPILE_PREFIX_HEADER = YES;
				GCC_PREFIX_HEADER = "VowelMovement/VowelMovement-Prefix.pch";
				PRODUCT_NAME = "$(TARGET_NAME)";
			};
			name = Release;
		};
/* End XCBuildConfiguration section */

/* Begin XCConfigurationList section */
		AF81F46D1931339B00F4090E /* Build configuration list for PBXProject "VowelMovement" */ = {
			isa = XCConfigurationList;
			buildConfigurations = (
				AF81F47E1931339B00F4090E /* Debug */,
				AF81F47F1931339B00F4090E /* Release */,
			);
			defaultConfigurationIsVisible = 0;
			defaultConfigurationName = Release;
		};
		AF81F4801931339B00F4090E /* Build configuration list for PBXNativeTarget "VowelMovement" */ = {
			isa = XCConfigurationList;
			buildConfigurations = (
				AF81F4811931339B00F4090E /* Debug */,
				AF81F4821931339B00F4090E /* Release */,
			);
			defaultConfigurationIsVisible = 0;
		};
/* End XCConfigurationList section */
	};
	rootObject = AF81F46A1931339B00F4090E /* Project object */;
}
